
Microsoft Visual Studio Solution File, Format Version 12.00
# Visual Studio 15
VisualStudioVersion = 15.0.27428.2005
MinimumVisualStudioVersion = 10.0.40219.1
Project("{FAE04EC0-301F-11D3-BF4B-00C04F79EFBC}") = "Tp3_BirthdayManager", "Tp3_BirthdayManager\Tp3_BirthdayManager.csproj", "{A0E53437-A888-4DB5-93F0-6368FEEFFA9F}"
EndProject
Global
	GlobalSection(SolutionConfigurationPlatforms) = preSolution
		Debug|Any CPU = Debug|Any CPU
		Release|Any CPU = Release|Any CPU
	EndGlobalSection
	GlobalSection(ProjectConfigurationPlatforms) = postSolution
		{A0E53437-A888-4DB5-93F0-6368FEEFFA9F}.Debug|Any CPU.ActiveCfg = Debug|Any CPU
		{A0E53437-A888-4DB5-93F0-6368FEEFFA9F}.Debug|Any CPU.Build.0 = Debug|Any CPU
		{A0E53437-A888-4DB5-93F0-6368FEEFFA9F}.Release|Any CPU.ActiveCfg = Release|Any CPU
		{A0E53437-A888-4DB5-93F0-6368FEEFFA9F}.Release|Any CPU.Build.0 = Release|Any CPU
	EndGlobalSection
	GlobalSection(SolutionProperties) = preSolution
		HideSolutionNode = FALSE
	EndGlobalSection
	GlobalSection(ExtensibilityGlobals) = postSolution
		SolutionGuid = {E5CF9588-DA77-4F88-812E-B012B6C46734}
	EndGlobalSection
EndGlobal
